<?xml version="1.0" encoding="utf-8"?>
<Project ToolsVersion="4.0" xmlns="http://schemas.microsoft.com/developer/msbuild/2003">
  <ItemGroup>
    <Filter Include="MilkDrop">
      <UniqueIdentifier>{3377a26f-db8f-4eb6-8291-c31a4e1685cb}</UniqueIdentifier>
    </Filter>
    <Filter Include="MilkDrop\Plugin">
      <UniqueIdentifier>{b5a222b7-05ae-422e-a109-9d49c736ee9b}</UniqueIdentifier>
    </Filter>
    <Filter Include="ProjectM-Eval">
      <UniqueIdentifier>{04c48d11-0da1-4947-99a2-63e6854f01e7}</UniqueIdentifier>
    </Filter>
    <Filter Include="ProjectM-Eval\ns-eel2-shim">
      <UniqueIdentifier>{cb23320f-39e8-4677-9031-a157764ff77f}</UniqueIdentifier>
    </Filter>
    <Filter Include="ProjectM-Eval\api">
      <UniqueIdentifier>{38f3fa6c-b2ff-4da7-b0a5-05e4f99252d8}</UniqueIdentifier>
    </Filter>
    <Filter Include="NS-EEL2">
      <UniqueIdentifier>{4229119c-070f-4f2a-8b69-177495b6b76e}</UniqueIdentifier>
    </Filter>
    <Filter Include="MilkDrop\Framework">
      <UniqueIdentifier>{3f8b24bf-9329-4170-b1ac-40cd8fd2c011}</UniqueIdentifier>
    </Filter>
    <Filter Include="BeatDrop">
      <UniqueIdentifier>{088bba14-cda0-42cb-b0e3-d64329b53b81}</UniqueIdentifier>
    </Filter>
  </ItemGroup>
  <ItemGroup>
    <ClCompile Include="menu.cpp">
      <Filter>MilkDrop\Plugin</Filter>
    </ClCompile>
    <ClCompile Include="milkdropfs.cpp">
      <Filter>MilkDrop\Plugin</Filter>
    </ClCompile>
    <ClCompile Include="plugin.cpp">
      <Filter>MilkDrop\Plugin</Filter>
    </ClCompile>
    <ClCompile Include="state.cpp">
      <Filter>MilkDrop\Plugin</Filter>
    </ClCompile>
    <ClCompile Include="support.cpp">
      <Filter>MilkDrop\Plugin</Filter>
    </ClCompile>
    <ClCompile Include="texmgr.cpp">
      <Filter>MilkDrop\Plugin</Filter>
    </ClCompile>
    <ClCompile Include="textmgr.cpp">
      <Filter>MilkDrop\Plugin</Filter>
    </ClCompile>
    <ClCompile Include="..\..\extern\projectm-eval\projectm-eval\CompilerFunctions.c">
      <Filter>ProjectM-Eval</Filter>
    </ClCompile>
    <ClCompile Include="..\..\extern\projectm-eval\projectm-eval\ExpressionTree.c">
      <Filter>ProjectM-Eval</Filter>
    </ClCompile>
    <ClCompile Include="..\..\extern\projectm-eval\projectm-eval\MemoryBuffer.c">
      <Filter>ProjectM-Eval</Filter>
    </ClCompile>
    <ClCompile Include="..\..\extern\projectm-eval\projectm-eval\Scanner.c">
      <Filter>ProjectM-Eval</Filter>
    </ClCompile>
    <ClCompile Include="..\..\extern\projectm-eval\projectm-eval\TreeFunctions.c">
      <Filter>ProjectM-Eval</Filter>
    </ClCompile>
    <ClCompile Include="..\..\extern\projectm-eval\projectm-eval\TreeVariables.c">
      <Filter>ProjectM-Eval</Filter>
    </ClCompile>
    <ClCompile Include="..\..\extern\projectm-eval\projectm-eval\CompileContext.c">
      <Filter>ProjectM-Eval</Filter>
    </ClCompile>
    <ClCompile Include="..\..\extern\projectm-eval\projectm-eval\Compiler.c">
      <Filter>ProjectM-Eval</Filter>
    </ClCompile>
    <ClCompile Include="..\..\extern\projectm-eval\ns-eel2-shim\ns-eel.c">
      <Filter>ProjectM-Eval\ns-eel2-shim</Filter>
    </ClCompile>
    <ClCompile Include="..\..\extern\projectm-eval\projectm-eval\api\projectm-eval.c">
      <Filter>ProjectM-Eval\api</Filter>
    </ClCompile>
    <ClCompile Include="..\ns-eel2\nseel-caltab.c">
      <Filter>NS-EEL2</Filter>
    </ClCompile>
    <ClCompile Include="..\ns-eel2\nseel-cfunc.c">
      <Filter>NS-EEL2</Filter>
    </ClCompile>
    <ClCompile Include="..\ns-eel2\nseel-compiler.c">
      <Filter>NS-EEL2</Filter>
    </ClCompile>
    <ClCompile Include="..\ns-eel2\nseel-eval.c">
      <Filter>NS-EEL2</Filter>
    </ClCompile>
    <ClCompile Include="..\ns-eel2\nseel-lextab.c">
      <Filter>NS-EEL2</Filter>
    </ClCompile>
    <ClCompile Include="..\ns-eel2\nseel-ram.c">
      <Filter>NS-EEL2</Filter>
    </ClCompile>
    <ClCompile Include="..\ns-eel2\nseel-yylex.c">
      <Filter>NS-EEL2</Filter>
    </ClCompile>
    <ClCompile Include="dxcontext.cpp">
      <Filter>MilkDrop\Framework</Filter>
    </ClCompile>
    <ClCompile Include="fft.cpp">
      <Filter>MilkDrop\Framework</Filter>
    </ClCompile>
    <ClCompile Include="pluginshell.cpp">
      <Filter>MilkDrop\Framework</Filter>
    </ClCompile>
    <ClCompile Include="utility.cpp">
      <Filter>MilkDrop\Framework</Filter>
    </ClCompile>
    <ClCompile Include="wasabi.cpp">
      <Filter>MilkDrop\Framework</Filter>
    </ClCompile>
    <ClCompile Include="..\audio\audiobuf.cpp">
      <Filter>BeatDrop</Filter>
    </ClCompile>
    <ClCompile Include="..\audio\guid.cpp">
      <Filter>BeatDrop</Filter>
    </ClCompile>
    <ClCompile Include="..\audio\log.cpp">
      <Filter>BeatDrop</Filter>
    </ClCompile>
    <ClCompile Include="..\audio\loopback-capture.cpp">
      <Filter>BeatDrop</Filter>
    </ClCompile>
    <ClCompile Include="..\audio\prefs.cpp">
      <Filter>BeatDrop</Filter>
    </ClCompile>
    <ClCompile Include="main_dll.cpp" />
  </ItemGroup>
  <ItemGroup>
    <ClInclude Include="defines.h">
      <Filter>MilkDrop\Plugin</Filter>
    </ClInclude>
    <ClInclude Include="md_defines.h">
      <Filter>MilkDrop\Plugin</Filter>
    </ClInclude>
    <ClInclude Include="menu.h">
      <Filter>MilkDrop\Plugin</Filter>
    </ClInclude>
    <ClInclude Include="plugin.h">
      <Filter>MilkDrop\Plugin</Filter>
    </ClInclude>
    <ClInclude Include="state.h">
      <Filter>MilkDrop\Plugin</Filter>
    </ClInclude>
    <ClInclude Include="support.h">
      <Filter>MilkDrop\Plugin</Filter>
    </ClInclude>
    <ClInclude Include="texmgr.h">
      <Filter>MilkDrop\Plugin</Filter>
    </ClInclude>
    <ClInclude Include="textmgr.h">
      <Filter>MilkDrop\Plugin</Filter>
    </ClInclude>
    <ClInclude Include="..\..\extern\projectm-eval\projectm-eval\CompilerFunctions.h">
      <Filter>ProjectM-Eval</Filter>
    </ClInclude>
    <ClInclude Include="..\..\extern\projectm-eval\projectm-eval\CompilerTypes.h">
      <Filter>ProjectM-Eval</Filter>
    </ClInclude>
    <ClInclude Include="..\..\extern\projectm-eval\projectm-eval\ExpressionTree.h">
      <Filter>ProjectM-Eval</Filter>
    </ClInclude>
    <ClInclude Include="..\..\extern\projectm-eval\projectm-eval\MemoryBuffer.h">
      <Filter>ProjectM-Eval</Filter>
    </ClInclude>
    <ClInclude Include="..\..\extern\projectm-eval\projectm-eval\Scanner.h">
      <Filter>ProjectM-Eval</Filter>
    </ClInclude>
    <ClInclude Include="..\..\extern\projectm-eval\projectm-eval\TreeFunctions.h">
      <Filter>ProjectM-Eval</Filter>
    </ClInclude>
    <ClInclude Include="..\..\extern\projectm-eval\projectm-eval\TreeVariables.h">
      <Filter>ProjectM-Eval</Filter>
    </ClInclude>
    <ClInclude Include="..\..\extern\projectm-eval\projectm-eval\CompileContext.h">
      <Filter>ProjectM-Eval</Filter>
    </ClInclude>
    <ClInclude Include="..\..\extern\projectm-eval\projectm-eval\Compiler.h">
      <Filter>ProjectM-Eval</Filter>
    </ClInclude>
    <ClInclude Include="..\..\extern\projectm-eval\ns-eel2-shim\ns-eel.h">
      <Filter>ProjectM-Eval\ns-eel2-shim</Filter>
    </ClInclude>
    <ClInclude Include="..\..\extern\projectm-eval\projectm-eval\api\projectm-eval.h">
      <Filter>ProjectM-Eval\api</Filter>
    </ClInclude>
    <ClInclude Include="..\ns-eel2\ns-eel.h">
      <Filter>NS-EEL2</Filter>
    </ClInclude>
    <ClInclude Include="..\ns-eel2\ns-eel-addfuncs.h">
      <Filter>NS-EEL2</Filter>
    </ClInclude>
    <ClInclude Include="..\ns-eel2\ns-eel-int.h">
      <Filter>NS-EEL2</Filter>
    </ClInclude>
    <ClInclude Include="imilkdrop.h" />
    <ClInclude Include="AutoCharFn.h">
      <Filter>MilkDrop\Framework</Filter>
    </ClInclude>
    <ClInclude Include="AutoWide.h">
      <Filter>MilkDrop\Framework</Filter>
    </ClInclude>
    <ClInclude Include="dxcontext.h">
      <Filter>MilkDrop\Framework</Filter>
    </ClInclude>
    <ClInclude Include="fft.h">
      <Filter>MilkDrop\Framework</Filter>
    </ClInclude>
    <ClInclude Include="pluginshell.h">
      <Filter>MilkDrop\Framework</Filter>
    </ClInclude>
    <ClInclude Include="resource.h">
      <Filter>MilkDrop\Framework</Filter>
    </ClInclude>
    <ClInclude Include="shell_defines.h">
      <Filter>MilkDrop\Framework</Filter>
    </ClInclude>
    <ClInclude Include="utility.h">
      <Filter>MilkDrop\Framework</Filter>
    </ClInclude>
    <ClInclude Include="wasabi.h">
      <Filter>MilkDrop\Framework</Filter>
    </ClInclude>
    <ClInclude Include="..\audio\cleanup.h">
      <Filter>BeatDrop</Filter>
    </ClInclude>
    <ClInclude Include="..\audio\common.h">
      <Filter>BeatDrop</Filter>
    </ClInclude>
    <ClInclude Include="..\audio\audiobuf.h">
      <Filter>BeatDrop</Filter>
    </ClInclude>
    <ClInclude Include="..\audio\log.h">
      <Filter>BeatDrop</Filter>
    </ClInclude>
    <ClInclude Include="..\audio\loopback-capture.h">
      <Filter>BeatDrop</Filter>
    </ClInclude>
    <ClInclude Include="..\audio\prefs.h">
      <Filter>BeatDrop</Filter>
    </ClInclude>
  </ItemGroup>
  <ItemGroup>
    <Image Include="plugin_icon.ico">
      <Filter>MilkDrop\Plugin</Filter>
    </Image>
  </ItemGroup>
  <ItemGroup>
    <None Include="text1.bin">
      <Filter>MilkDrop\Plugin</Filter>
    </None>
    <None Include="..\..\extern\projectm-eval\projectm-eval\Scanner.l">
      <Filter>ProjectM-Eval</Filter>
    </None>
    <None Include="..\..\extern\projectm-eval\projectm-eval\Compiler.y">
      <Filter>ProjectM-Eval</Filter>
    </None>
  </ItemGroup>
  <ItemGroup>
    <ResourceCompile Include="plugin.rc">
      <Filter>MilkDrop\Plugin</Filter>
    </ResourceCompile>
  </ItemGroup>
</Project>